
Microsoft Visual Studio Solution File, Format Version 12.00
# Visual Studio Version 17
VisualStudioVersion = 17.3.32901.215
MinimumVisualStudioVersion = 10.0.40219.1
Project("{FAE04EC0-301F-11D3-BF4B-00C04F79EFBC}") = "MagicVilla_API", "MagicVilla_API\MagicVilla_API.csproj", "{B4042D33-A73D-43B3-8C1B-DDAA604908F3}"
EndProject
Global
	GlobalSection(SolutionConfigurationPlatforms) = preSolution
		Debug|Any CPU = Debug|Any CPU
		Release|Any CPU = Release|Any CPU
	EndGlobalSection
	GlobalSection(ProjectConfigurationPlatforms) = postSolution
		{B4042D33-A73D-43B3-8C1B-DDAA604908F3}.Debug|Any CPU.ActiveCfg = Debug|Any CPU
		{B4042D33-A73D-43B3-8C1B-DDAA604908F3}.Debug|Any CPU.Build.0 = Debug|Any CPU
		{B4042D33-A73D-43B3-8C1B-DDAA604908F3}.Release|Any CPU.ActiveCfg = Release|Any CPU
		{B4042D33-A73D-43B3-8C1B-DDAA604908F3}.Release|Any CPU.Build.0 = Release|Any CPU
	EndGlobalSection
	GlobalSection(SolutionProperties) = preSolution
		HideSolutionNode = FALSE
	EndGlobalSection
	GlobalSection(ExtensibilityGlobals) = postSolution
		SolutionGuid = {0F6C011D-13EF-41C9-AA58-07F3C6FC01C3}
	EndGlobalSection
EndGlobal
